// !$*UTF8*$!
{
	archiveVersion = 1;
	classes = {
	};
	objectVersion = 46;
	objects = {

/* Begin PBXBuildFile section */
		92B8FB52FAD722C96F4332E7 /* Pods_my_first_projectTests.framework in Frameworks */ = {isa = PBXBuildFile; fileRef = E36C2836D29088E0F1A3736F /* Pods_my_first_projectTests.framework */; };
		953B92AB1DB6731A001AC1EA /* AppDelegate.swift in Sources */ = {isa = PBXBuildFile; fileRef = 953B92AA1DB6731A001AC1EA /* AppDelegate.swift */; };
		953B92AD1DB6731A001AC1EA /* ViewController.swift in Sources */ = {isa = PBXBuildFile; fileRef = 953B92AC1DB6731A001AC1EA /* ViewController.swift */; };
		953B92B01DB6731A001AC1EA /* Main.storyboard in Resources */ = {isa = PBXBuildFile; fileRef = 953B92AE1DB6731A001AC1EA /* Main.storyboard */; };
		953B92B21DB6731A001AC1EA /* Assets.xcassets in Resources */ = {isa = PBXBuildFile; fileRef = 953B92B11DB6731A001AC1EA /* Assets.xcassets */; };
		953B92B51DB6731A001AC1EA /* LaunchScreen.storyboard in Resources */ = {isa = PBXBuildFile; fileRef = 953B92B31DB6731A001AC1EA /* LaunchScreen.storyboard */; };
		953B92C01DB6731A001AC1EA /* my_first_projectTests.swift in Sources */ = {isa = PBXBuildFile; fileRef = 953B92BF1DB6731A001AC1EA /* my_first_projectTests.swift */; };
		953B92CB1DB6731A001AC1EA /* my_first_projectUITests.swift in Sources */ = {isa = PBXBuildFile; fileRef = 953B92CA1DB6731A001AC1EA /* my_first_projectUITests.swift */; };
		95DEDC151DB853C3001BAFB9 /* Pokemon.swift in Sources */ = {isa = PBXBuildFile; fileRef = 95DEDC141DB853C3001BAFB9 /* Pokemon.swift */; };
		95DEDC181DB862A7001BAFB9 /* PokeCell.swift in Sources */ = {isa = PBXBuildFile; fileRef = 95DEDC171DB862A7001BAFB9 /* PokeCell.swift */; };
		95DEDC1A1DB875CA001BAFB9 /* CSV.swift in Sources */ = {isa = PBXBuildFile; fileRef = 95DEDC191DB875CA001BAFB9 /* CSV.swift */; };
		95DEDC1E1DB879B5001BAFB9 /* music.mp3 in Resources */ = {isa = PBXBuildFile; fileRef = 95DEDC1D1DB879B5001BAFB9 /* music.mp3 */; };
		95DEDC201DB87BBE001BAFB9 /* pokemon.csv in Resources */ = {isa = PBXBuildFile; fileRef = 95DEDC1F1DB87BBE001BAFB9 /* pokemon.csv */; };
		95DEDC221DB93F3A001BAFB9 /* Pokemon.ttf in Resources */ = {isa = PBXBuildFile; fileRef = 95DEDC211DB93F3A001BAFB9 /* Pokemon.ttf */; };
		95DEDC261DB9B583001BAFB9 /* DetailViewController.swift in Sources */ = {isa = PBXBuildFile; fileRef = 95DEDC251DB9B583001BAFB9 /* DetailViewController.swift */; };
		B1D8309C3310B2D097A26430 /* Pods_my_first_projectUITests.framework in Frameworks */ = {isa = PBXBuildFile; fileRef = 6AA477F366DB93BC91B41B00 /* Pods_my_first_projectUITests.framework */; };
		F1458E25BC2C8C1EDA226445 /* Pods_my_first_project.framework in Frameworks */ = {isa = PBXBuildFile; fileRef = 31DB767C6522E9BA0C4C1557 /* Pods_my_first_project.framework */; };
/* End PBXBuildFile section */

/* Begin PBXContainerItemProxy section */
		953B92BC1DB6731A001AC1EA /* PBXContainerItemProxy */ = {
			isa = PBXContainerItemProxy;
			containerPortal = 953B929F1DB6731A001AC1EA /* Project object */;
			proxyType = 1;
			remoteGlobalIDString = 953B92A61DB6731A001AC1EA;
			remoteInfo = "my first project";
		};
		953B92C71DB6731A001AC1EA /* PBXContainerItemProxy */ = {
			isa = PBXContainerItemProxy;
			containerPortal = 953B929F1DB6731A001AC1EA /* Project object */;
			proxyType = 1;
			remoteGlobalIDString = 953B92A61DB6731A001AC1EA;
			remoteInfo = "my first project";
		};
/* End PBXContainerItemProxy section */

/* Begin PBXFileReference section */
		0425801B092F29E9F2CE20CE /* Pods-my first projectTests.debug.xcconfig */ = {isa = PBXFileReference; includeInIndex = 1; lastKnownFileType = text.xcconfig; name = "Pods-my first projectTests.debug.xcconfig"; path = "Pods/Target Support Files/Pods-my first projectTests/Pods-my first projectTests.debug.xcconfig"; sourceTree = "<group>"; };
		31DB767C6522E9BA0C4C1557 /* Pods_my_first_project.framework */ = {isa = PBXFileReference; explicitFileType = wrapper.framework; includeInIndex = 0; path = Pods_my_first_project.framework; sourceTree = BUILT_PRODUCTS_DIR; };
		3DA60B2E3657DDC18C21FE31 /* Pods-my first project.debug.xcconfig */ = {isa = PBXFileReference; includeInIndex = 1; lastKnownFileType = text.xcconfig; name = "Pods-my first project.debug.xcconfig"; path = "Pods/Target Support Files/Pods-my first project/Pods-my first project.debug.xcconfig"; sourceTree = "<group>"; };
		4C84341605CBC72FEAA47574 /* Pods-my first projectUITests.release.xcconfig */ = {isa = PBXFileReference; includeInIndex = 1; lastKnownFileType = text.xcconfig; name = "Pods-my first projectUITests.release.xcconfig"; path = "Pods/Target Support Files/Pods-my first projectUITests/Pods-my first projectUITests.release.xcconfig"; sourceTree = "<group>"; };
		6AA477F366DB93BC91B41B00 /* Pods_my_first_projectUITests.framework */ = {isa = PBXFileReference; explicitFileType = wrapper.framework; includeInIndex = 0; path = Pods_my_first_projectUITests.framework; sourceTree = BUILT_PRODUCTS_DIR; };
		6C0414C3C3EFDAFA55438765 /* Pods-my first project.release.xcconfig */ = {isa = PBXFileReference; includeInIndex = 1; lastKnownFileType = text.xcconfig; name = "Pods-my first project.release.xcconfig"; path = "Pods/Target Support Files/Pods-my first project/Pods-my first project.release.xcconfig"; sourceTree = "<group>"; };
		953B92A71DB6731A001AC1EA /* my first project.app */ = {isa = PBXFileReference; explicitFileType = wrapper.application; includeInIndex = 0; path = "my first project.app"; sourceTree = BUILT_PRODUCTS_DIR; };
		953B92AA1DB6731A001AC1EA /* AppDelegate.swift */ = {isa = PBXFileReference; lastKnownFileType = sourcecode.swift; path = AppDelegate.swift; sourceTree = "<group>"; };
		953B92AC1DB6731A001AC1EA /* ViewController.swift */ = {isa = PBXFileReference; lastKnownFileType = sourcecode.swift; path = ViewController.swift; sourceTree = "<group>"; };
		953B92AF1DB6731A001AC1EA /* Base */ = {isa = PBXFileReference; lastKnownFileType = file.storyboard; name = Base; path = Base.lproj/Main.storyboard; sourceTree = "<group>"; };
		953B92B11DB6731A001AC1EA /* Assets.xcassets */ = {isa = PBXFileReference; lastKnownFileType = folder.assetcatalog; path = Assets.xcassets; sourceTree = "<group>"; };
		953B92B41DB6731A001AC1EA /* Base */ = {isa = PBXFileReference; lastKnownFileType = file.storyboard; name = Base; path = Base.lproj/LaunchScreen.storyboard; sourceTree = "<group>"; };
		953B92B61DB6731A001AC1EA /* Info.plist */ = {isa = PBXFileReference; lastKnownFileType = text.plist.xml; path = Info.plist; sourceTree = "<group>"; };
		953B92BB1DB6731A001AC1EA /* my first projectTests.xctest */ = {isa = PBXFileReference; explicitFileType = wrapper.cfbundle; includeInIndex = 0; path = "my first projectTests.xctest"; sourceTree = BUILT_PRODUCTS_DIR; };
		953B92BF1DB6731A001AC1EA /* my_first_projectTests.swift */ = {isa = PBXFileReference; lastKnownFileType = sourcecode.swift; path = my_first_projectTests.swift; sourceTree = "<group>"; };
		953B92C11DB6731A001AC1EA /* Info.plist */ = {isa = PBXFileReference; lastKnownFileType = text.plist.xml; path = Info.plist; sourceTree = "<group>"; };
		953B92C61DB6731A001AC1EA /* my first projectUITests.xctest */ = {isa = PBXFileReference; explicitFileType = wrapper.cfbundle; includeInIndex = 0; path = "my first projectUITests.xctest"; sourceTree = BUILT_PRODUCTS_DIR; };
		953B92CA1DB6731A001AC1EA /* my_first_projectUITests.swift */ = {isa = PBXFileReference; lastKnownFileType = sourcecode.swift; path = my_first_projectUITests.swift; sourceTree = "<group>"; };
		953B92CC1DB6731A001AC1EA /* Info.plist */ = {isa = PBXFileReference; lastKnownFileType = text.plist.xml; path = Info.plist; sourceTree = "<group>"; };
		95DEDC141DB853C3001BAFB9 /* Pokemon.swift */ = {isa = PBXFileReference; fileEncoding = 4; lastKnownFileType = sourcecode.swift; path = Pokemon.swift; sourceTree = "<group>"; };
		95DEDC171DB862A7001BAFB9 /* PokeCell.swift */ = {isa = PBXFileReference; fileEncoding = 4; lastKnownFileType = sourcecode.swift; path = PokeCell.swift; sourceTree = "<group>"; };
		95DEDC191DB875CA001BAFB9 /* CSV.swift */ = {isa = PBXFileReference; fileEncoding = 4; lastKnownFileType = sourcecode.swift; path = CSV.swift; sourceTree = "<group>"; };
		95DEDC1D1DB879B5001BAFB9 /* music.mp3 */ = {isa = PBXFileReference; lastKnownFileType = audio.mp3; path = music.mp3; sourceTree = "<group>"; };
		95DEDC1F1DB87BBE001BAFB9 /* pokemon.csv */ = {isa = PBXFileReference; fileEncoding = 4; lastKnownFileType = text; path = pokemon.csv; sourceTree = "<group>"; };
		95DEDC211DB93F3A001BAFB9 /* Pokemon.ttf */ = {isa = PBXFileReference; lastKnownFileType = file; path = Pokemon.ttf; sourceTree = "<group>"; };
		95DEDC251DB9B583001BAFB9 /* DetailViewController.swift */ = {isa = PBXFileReference; fileEncoding = 4; lastKnownFileType = sourcecode.swift; path = DetailViewController.swift; sourceTree = "<group>"; };
		A2C6EDAA33A010B908A3FE3F /* Pods-my first projectTests.release.xcconfig */ = {isa = PBXFileReference; includeInIndex = 1; lastKnownFileType = text.xcconfig; name = "Pods-my first projectTests.release.xcconfig"; path = "Pods/Target Support Files/Pods-my first projectTests/Pods-my first projectTests.release.xcconfig"; sourceTree = "<group>"; };
		E36C2836D29088E0F1A3736F /* Pods_my_first_projectTests.framework */ = {isa = PBXFileReference; explicitFileType = wrapper.framework; includeInIndex = 0; path = Pods_my_first_projectTests.framework; sourceTree = BUILT_PRODUCTS_DIR; };
		F2ED20F493F12FCE2312049C /* Pods-my first projectUITests.debug.xcconfig */ = {isa = PBXFileReference; includeInIndex = 1; lastKnownFileType = text.xcconfig; name = "Pods-my first projectUITests.debug.xcconfig"; path = "Pods/Target Support Files/Pods-my first projectUITests/Pods-my first projectUITests.debug.xcconfig"; sourceTree = "<group>"; };
/* End PBXFileReference section */

/* Begin PBXFrameworksBuildPhase section */
		953B92A41DB6731A001AC1EA /* Frameworks */ = {
			isa = PBXFrameworksBuildPhase;
			buildActionMask = 2147483647;
			files = (
				F1458E25BC2C8C1EDA226445 /* Pods_my_first_project.framework in Frameworks */,
			);
			runOnlyForDeploymentPostprocessing = 0;
		};
		953B92B81DB6731A001AC1EA /* Frameworks */ = {
			isa = PBXFrameworksBuildPhase;
			buildActionMask = 2147483647;
			files = (
				92B8FB52FAD722C96F4332E7 /* Pods_my_first_projectTests.framework in Frameworks */,
			);
			runOnlyForDeploymentPostprocessing = 0;
		};
		953B92C31DB6731A001AC1EA /* Frameworks */ = {
			isa = PBXFrameworksBuildPhase;
			buildActionMask = 2147483647;
			files = (
				B1D8309C3310B2D097A26430 /* Pods_my_first_projectUITests.framework in Frameworks */,
			);
			runOnlyForDeploymentPostprocessing = 0;
		};
/* End PBXFrameworksBuildPhase section */

/* Begin PBXGroup section */
		6655DD6CE32173DB280BE4E5 /* Pods */ = {
			isa = PBXGroup;
			children = (
				3DA60B2E3657DDC18C21FE31 /* Pods-my first project.debug.xcconfig */,
				6C0414C3C3EFDAFA55438765 /* Pods-my first project.release.xcconfig */,
				0425801B092F29E9F2CE20CE /* Pods-my first projectTests.debug.xcconfig */,
				A2C6EDAA33A010B908A3FE3F /* Pods-my first projectTests.release.xcconfig */,
				F2ED20F493F12FCE2312049C /* Pods-my first projectUITests.debug.xcconfig */,
				4C84341605CBC72FEAA47574 /* Pods-my first projectUITests.release.xcconfig */,
			);
			name = Pods;
			sourceTree = "<group>";
		};
		71A0BD9786BE032BCB466AF0 /* Frameworks */ = {
			isa = PBXGroup;
			children = (
				31DB767C6522E9BA0C4C1557 /* Pods_my_first_project.framework */,
				E36C2836D29088E0F1A3736F /* Pods_my_first_projectTests.framework */,
				6AA477F366DB93BC91B41B00 /* Pods_my_first_projectUITests.framework */,
			);
			name = Frameworks;
			sourceTree = "<group>";
		};
		953B929E1DB6731A001AC1EA = {
			isa = PBXGroup;
			children = (
				953B92A91DB6731A001AC1EA /* my first project */,
				953B92BE1DB6731A001AC1EA /* my first projectTests */,
				953B92C91DB6731A001AC1EA /* my first projectUITests */,
				953B92A81DB6731A001AC1EA /* Products */,
				6655DD6CE32173DB280BE4E5 /* Pods */,
				71A0BD9786BE032BCB466AF0 /* Frameworks */,
			);
			sourceTree = "<group>";
		};
		953B92A81DB6731A001AC1EA /* Products */ = {
			isa = PBXGroup;
			children = (
				953B92A71DB6731A001AC1EA /* my first project.app */,
				953B92BB1DB6731A001AC1EA /* my first projectTests.xctest */,
				953B92C61DB6731A001AC1EA /* my first projectUITests.xctest */,
			);
			name = Products;
			sourceTree = "<group>";
		};
		953B92A91DB6731A001AC1EA /* my first project */ = {
			isa = PBXGroup;
			children = (
				95DEDC241DB93FB7001BAFB9 /* Util */,
				95DEDC231DB93F9D001BAFB9 /* Controller */,
				95DEDC161DB8625B001BAFB9 /* View */,
				95DEDC131DB853A5001BAFB9 /* Model */,
				953B92AA1DB6731A001AC1EA /* AppDelegate.swift */,
				953B92AE1DB6731A001AC1EA /* Main.storyboard */,
				953B92B11DB6731A001AC1EA /* Assets.xcassets */,
				953B92B31DB6731A001AC1EA /* LaunchScreen.storyboard */,
				953B92B61DB6731A001AC1EA /* Info.plist */,
				95DEDC191DB875CA001BAFB9 /* CSV.swift */,
			);
			path = "my first project";
			sourceTree = "<group>";
		};
		953B92BE1DB6731A001AC1EA /* my first projectTests */ = {
			isa = PBXGroup;
			children = (
				953B92BF1DB6731A001AC1EA /* my_first_projectTests.swift */,
				953B92C11DB6731A001AC1EA /* Info.plist */,
			);
			path = "my first projectTests";
			sourceTree = "<group>";
		};
		953B92C91DB6731A001AC1EA /* my first projectUITests */ = {
			isa = PBXGroup;
			children = (
				953B92CA1DB6731A001AC1EA /* my_first_projectUITests.swift */,
				953B92CC1DB6731A001AC1EA /* Info.plist */,
			);
			path = "my first projectUITests";
			sourceTree = "<group>";
		};
		95DEDC131DB853A5001BAFB9 /* Model */ = {
			isa = PBXGroup;
			children = (
				95DEDC141DB853C3001BAFB9 /* Pokemon.swift */,
			);
			name = Model;
			sourceTree = "<group>";
		};
		95DEDC161DB8625B001BAFB9 /* View */ = {
			isa = PBXGroup;
			children = (
				95DEDC171DB862A7001BAFB9 /* PokeCell.swift */,
			);
			name = View;
			sourceTree = "<group>";
		};
		95DEDC231DB93F9D001BAFB9 /* Controller */ = {
			isa = PBXGroup;
			children = (
				953B92AC1DB6731A001AC1EA /* ViewController.swift */,
				95DEDC251DB9B583001BAFB9 /* DetailViewController.swift */,
			);
			name = Controller;
			sourceTree = "<group>";
		};
		95DEDC241DB93FB7001BAFB9 /* Util */ = {
			isa = PBXGroup;
			children = (
				95DEDC211DB93F3A001BAFB9 /* Pokemon.ttf */,
				95DEDC1D1DB879B5001BAFB9 /* music.mp3 */,
				95DEDC1F1DB87BBE001BAFB9 /* pokemon.csv */,
			);
			name = Util;
			sourceTree = "<group>";
		};
/* End PBXGroup section */

/* Begin PBXNativeTarget section */
		953B92A61DB6731A001AC1EA /* my first project */ = {
			isa = PBXNativeTarget;
			buildConfigurationList = 953B92CF1DB6731A001AC1EA /* Build configuration list for PBXNativeTarget "my first project" */;
			buildPhases = (
				4F338828E8479D831F4A6080 /* [CP] Check Pods Manifest.lock */,
				953B92A31DB6731A001AC1EA /* Sources */,
				953B92A41DB6731A001AC1EA /* Frameworks */,
				953B92A51DB6731A001AC1EA /* Resources */,
				792C8AD5F36F9D4701E7BCEE /* [CP] Embed Pods Frameworks */,
				3A0F1EA32BBB94BB191F62EF /* [CP] Copy Pods Resources */,
			);
			buildRules = (
			);
			dependencies = (
			);
			name = "my first project";
			productName = "my first project";
			productReference = 953B92A71DB6731A001AC1EA /* my first project.app */;
			productType = "com.apple.product-type.application";
		};
		953B92BA1DB6731A001AC1EA /* my first projectTests */ = {
			isa = PBXNativeTarget;
			buildConfigurationList = 953B92D21DB6731A001AC1EA /* Build configuration list for PBXNativeTarget "my first projectTests" */;
			buildPhases = (
				299DDD242EF111CB9CF9F033 /* [CP] Check Pods Manifest.lock */,
				953B92B71DB6731A001AC1EA /* Sources */,
				953B92B81DB6731A001AC1EA /* Frameworks */,
				953B92B91DB6731A001AC1EA /* Resources */,
				69D28FE4FF0596A1C78E595D /* [CP] Embed Pods Frameworks */,
				5667DEAD2121EE3E86FC9FF4 /* [CP] Copy Pods Resources */,
			);
			buildRules = (
			);
			dependencies = (
				953B92BD1DB6731A001AC1EA /* PBXTargetDependency */,
			);
			name = "my first projectTests";
			productName = "my first projectTests";
			productReference = 953B92BB1DB6731A001AC1EA /* my first projectTests.xctest */;
			productType = "com.apple.product-type.bundle.unit-test";
		};
		953B92C51DB6731A001AC1EA /* my first projectUITests */ = {
			isa = PBXNativeTarget;
			buildConfigurationList = 953B92D51DB6731A001AC1EA /* Build configuration list for PBXNativeTarget "my first projectUITests" */;
			buildPhases = (
				8B4F4F8B6D61322CEF250863 /* [CP] Check Pods Manifest.lock */,
				953B92C21DB6731A001AC1EA /* Sources */,
				953B92C31DB6731A001AC1EA /* Frameworks */,
				953B92C41DB6731A001AC1EA /* Resources */,
				D4DF9F397BEACCA538605B7A /* [CP] Embed Pods Frameworks */,
				368030E245C72C0FAA9A9F5D /* [CP] Copy Pods Resources */,
			);
			buildRules = (
			);
			dependencies = (
				953B92C81DB6731A001AC1EA /* PBXTargetDependency */,
			);
			name = "my first projectUITests";
			productName = "my first projectUITests";
			productReference = 953B92C61DB6731A001AC1EA /* my first projectUITests.xctest */;
			productType = "com.apple.product-type.bundle.ui-testing";
		};
/* End PBXNativeTarget section */

/* Begin PBXProject section */
		953B929F1DB6731A001AC1EA /* Project object */ = {
			isa = PBXProject;
			attributes = {
				LastSwiftUpdateCheck = 0800;
				LastUpgradeCheck = 0800;
				ORGANIZATIONNAME = "vishal shah";
				TargetAttributes = {
					953B92A61DB6731A001AC1EA = {
						CreatedOnToolsVersion = 8.0;
						DevelopmentTeam = 8QDWZ85TW9;
						ProvisioningStyle = Automatic;
					};
					953B92BA1DB6731A001AC1EA = {
						CreatedOnToolsVersion = 8.0;
						ProvisioningStyle = Automatic;
						TestTargetID = 953B92A61DB6731A001AC1EA;
					};
					953B92C51DB6731A001AC1EA = {
						CreatedOnToolsVersion = 8.0;
						ProvisioningStyle = Automatic;
						TestTargetID = 953B92A61DB6731A001AC1EA;
					};
				};
			};
			buildConfigurationList = 953B92A21DB6731A001AC1EA /* Build configuration list for PBXProject "my first project" */;
			compatibilityVersion = "Xcode 3.2";
			developmentRegion = English;
			hasScannedForEncodings = 0;
			knownRegions = (
				en,
				Base,
			);
			mainGroup = 953B929E1DB6731A001AC1EA;
			productRefGroup = 953B92A81DB6731A001AC1EA /* Products */;
			projectDirPath = "";
			projectRoot = "";
			targets = (
				953B92A61DB6731A001AC1EA /* my first project */,
				953B92BA1DB6731A001AC1EA /* my first projectTests */,
				953B92C51DB6731A001AC1EA /* my first projectUITests */,
			);
		};
/* End PBXProject section */

/* Begin PBXResourcesBuildPhase section */
		953B92A51DB6731A001AC1EA /* Resources */ = {
			isa = PBXResourcesBuildPhase;
			buildActionMask = 2147483647;
			files = (
				95DEDC1E1DB879B5001BAFB9 /* music.mp3 in Resources */,
				953B92B51DB6731A001AC1EA /* LaunchScreen.storyboard in Resources */,
				953B92B21DB6731A001AC1EA /* Assets.xcassets in Resources */,
				95DEDC221DB93F3A001BAFB9 /* Pokemon.ttf in Resources */,
				953B92B01DB6731A001AC1EA /* Main.storyboard in Resources */,
				95DEDC201DB87BBE001BAFB9 /* pokemon.csv in Resources */,
			);
			runOnlyForDeploymentPostprocessing = 0;
		};
		953B92B91DB6731A001AC1EA /* Resources */ = {
			isa = PBXResourcesBuildPhase;
			buildActionMask = 2147483647;
			files = (
			);
			runOnlyForDeploymentPostprocessing = 0;
		};
		953B92C41DB6731A001AC1EA /* Resources */ = {
			isa = PBXResourcesBuildPhase;
			buildActionMask = 2147483647;
			files = (
			);
			runOnlyForDeploymentPostprocessing = 0;
		};
/* End PBXResourcesBuildPhase section */

/* Begin PBXShellScriptBuildPhase section */
		299DDD242EF111CB9CF9F033 /* [CP] Check Pods Manifest.lock */ = {
			isa = PBXShellScriptBuildPhase;
			buildActionMask = 2147483647;
			files = (
			);
			inputPaths = (
			);
			name = "[CP] Check Pods Manifest.lock";
			outputPaths = (
			);
			runOnlyForDeploymentPostprocessing = 0;
			shellPath = /bin/sh;
			shellScript = "diff \"${PODS_ROOT}/../Podfile.lock\" \"${PODS_ROOT}/Manifest.lock\" > /dev/null\nif [ $? != 0 ] ; then\n    # print error to STDERR\n    echo \"error: The sandbox is not in sync with the Podfile.lock. Run 'pod install' or update your CocoaPods installation.\" >&2\n    exit 1\nfi\n";
			showEnvVarsInLog = 0;
		};
		368030E245C72C0FAA9A9F5D /* [CP] Copy Pods Resources */ = {
			isa = PBXShellScriptBuildPhase;
			buildActionMask = 2147483647;
			files = (
			);
			inputPaths = (
			);
			name = "[CP] Copy Pods Resources";
			outputPaths = (
			);
			runOnlyForDeploymentPostprocessing = 0;
			shellPath = /bin/sh;
			shellScript = "\"${SRCROOT}/Pods/Target Support Files/Pods-my first projectUITests/Pods-my first projectUITests-resources.sh\"\n";
			showEnvVarsInLog = 0;
		};
		3A0F1EA32BBB94BB191F62EF /* [CP] Copy Pods Resources */ = {
			isa = PBXShellScriptBuildPhase;
			buildActionMask = 2147483647;
			files = (
			);
			inputPaths = (
			);
			name = "[CP] Copy Pods Resources";
			outputPaths = (
			);
			runOnlyForDeploymentPostprocessing = 0;
			shellPath = /bin/sh;
			shellScript = "\"${SRCROOT}/Pods/Target Support Files/Pods-my first project/Pods-my first project-resources.sh\"\n";
			showEnvVarsInLog = 0;
		};
		4F338828E8479D831F4A6080 /* [CP] Check Pods Manifest.lock */ = {
			isa = PBXShellScriptBuildPhase;
			buildActionMask = 2147483647;
			files = (
			);
			inputPaths = (
			);
			name = "[CP] Check Pods Manifest.lock";
			outputPaths = (
			);
			runOnlyForDeploymentPostprocessing = 0;
			shellPath = /bin/sh;
			shellScript = "diff \"${PODS_ROOT}/../Podfile.lock\" \"${PODS_ROOT}/Manifest.lock\" > /dev/null\nif [ $? != 0 ] ; then\n    # print error to STDERR\n    echo \"error: The sandbox is not in sync with the Podfile.lock. Run 'pod install' or update your CocoaPods installation.\" >&2\n    exit 1\nfi\n";
			showEnvVarsInLog = 0;
		};
		5667DEAD2121EE3E86FC9FF4 /* [CP] Copy Pods Resources */ = {
			isa = PBXShellScriptBuildPhase;
			buildActionMask = 2147483647;
			files = (
			);
			inputPaths = (
			);
			name = "[CP] Copy Pods Resources";
			outputPaths = (
			);
			runOnlyForDeploymentPostprocessing = 0;
			shellPath = /bin/sh;
			shellScript = "\"${SRCROOT}/Pods/Target Support Files/Pods-my first projectTests/Pods-my first projectTests-resources.sh\"\n";
			showEnvVarsInLog = 0;
		};
		69D28FE4FF0596A1C78E595D /* [CP] Embed Pods Frameworks */ = {
			isa = PBXShellScriptBuildPhase;
			buildActionMask = 2147483647;
			files = (
			);
			inputPaths = (
			);
			name = "[CP] Embed Pods Frameworks";
			outputPaths = (
			);
			runOnlyForDeploymentPostprocessing = 0;
			shellPath = /bin/sh;
			shellScript = "\"${SRCROOT}/Pods/Target Support Files/Pods-my first projectTests/Pods-my first projectTests-frameworks.sh\"\n";
			showEnvVarsInLog = 0;
		};
		792C8AD5F36F9D4701E7BCEE /* [CP] Embed Pods Frameworks */ = {
			isa = PBXShellScriptBuildPhase;
			buildActionMask = 2147483647;
			files = (
			);
			inputPaths = (
			);
			name = "[CP] Embed Pods Frameworks";
			outputPaths = (
			);
			runOnlyForDeploymentPostprocessing = 0;
			shellPath = /bin/sh;
			shellScript = "\"${SRCROOT}/Pods/Target Support Files/Pods-my first project/Pods-my first project-frameworks.sh\"\n";
			showEnvVarsInLog = 0;
		};
		8B4F4F8B6D61322CEF250863 /* [CP] Check Pods Manifest.lock */ = {
			isa = PBXShellScriptBuildPhase;
			buildActionMask = 2147483647;
			files = (
			);
			inputPaths = (
			);
			name = "[CP] Check Pods Manifest.lock";
			outputPaths = (
			);
			runOnlyForDeploymentPostprocessing = 0;
			shellPath = /bin/sh;
			shellScript = "diff \"${PODS_ROOT}/../Podfile.lock\" \"${PODS_ROOT}/Manifest.lock\" > /dev/null\nif [ $? != 0 ] ; then\n    # print error to STDERR\n    echo \"error: The sandbox is not in sync with the Podfile.lock. Run 'pod install' or update your CocoaPods installation.\" >&2\n    exit 1\nfi\n";
			showEnvVarsInLog = 0;
		};
		D4DF9F397BEACCA538605B7A /* [CP] Embed Pods Frameworks */ = {
			isa = PBXShellScriptBuildPhase;
			buildActionMask = 2147483647;
			files = (
			);
			inputPaths = (
			);
			name = "[CP] Embed Pods Frameworks";
			outputPaths = (
			);
			runOnlyForDeploymentPostprocessing = 0;
			shellPath = /bin/sh;
			shellScript = "\"${SRCROOT}/Pods/Target Support Files/Pods-my first projectUITests/Pods-my first projectUITests-frameworks.sh\"\n";
			showEnvVarsInLog = 0;
		};
/* End PBXShellScriptBuildPhase section */

/* Begin PBXSourcesBuildPhase section */
		953B92A31DB6731A001AC1EA /* Sources */ = {
			isa = PBXSourcesBuildPhase;
			buildActionMask = 2147483647;
			files = (
				95DEDC181DB862A7001BAFB9 /* PokeCell.swift in Sources */,
				953B92AD1DB6731A001AC1EA /* ViewController.swift in Sources */,
				95DEDC1A1DB875CA001BAFB9 /* CSV.swift in Sources */,
				95DEDC261DB9B583001BAFB9 /* DetailViewController.swift in Sources */,
				953B92AB1DB6731A001AC1EA /* AppDelegate.swift in Sources */,
				95DEDC151DB853C3001BAFB9 /* Pokemon.swift in Sources */,
			);
			runOnlyForDeploymentPostprocessing = 0;
		};
		953B92B71DB6731A001AC1EA /* Sources */ = {
			isa = PBXSourcesBuildPhase;
			buildActionMask = 2147483647;
			files = (
				953B92C01DB6731A001AC1EA /* my_first_projectTests.swift in Sources */,
			);
			runOnlyForDeploymentPostprocessing = 0;
		};
		953B92C21DB6731A001AC1EA /* Sources */ = {
			isa = PBXSourcesBuildPhase;
			buildActionMask = 2147483647;
			files = (
				953B92CB1DB6731A001AC1EA /* my_first_projectUITests.swift in Sources */,
			);
			runOnlyForDeploymentPostprocessing = 0;
		};
/* End PBXSourcesBuildPhase section */

/* Begin PBXTargetDependency section */
		953B92BD1DB6731A001AC1EA /* PBXTargetDependency */ = {
			isa = PBXTargetDependency;
			target = 953B92A61DB6731A001AC1EA /* my first project */;
			targetProxy = 953B92BC1DB6731A001AC1EA /* PBXContainerItemProxy */;
		};
		953B92C81DB6731A001AC1EA /* PBXTargetDependency */ = {
			isa = PBXTargetDependency;
			target = 953B92A61DB6731A001AC1EA /* my first project */;
			targetProxy = 953B92C71DB6731A001AC1EA /* PBXContainerItemProxy */;
		};
/* End PBXTargetDependency section */

/* Begin PBXVariantGroup section */
		953B92AE1DB6731A001AC1EA /* Main.storyboard */ = {
			isa = PBXVariantGroup;
			children = (
				953B92AF1DB6731A001AC1EA /* Base */,
			);
			name = Main.storyboard;
			sourceTree = "<group>";
		};
		953B92B31DB6731A001AC1EA /* LaunchScreen.storyboard */ = {
			isa = PBXVariantGroup;
			children = (
				953B92B41DB6731A001AC1EA /* Base */,
			);
			name = LaunchScreen.storyboard;
			sourceTree = "<group>";
		};
/* End PBXVariantGroup section */

/* Begin XCBuildConfiguration section */
		953B92CD1DB6731A001AC1EA /* Debug */ = {
			isa = XCBuildConfiguration;
			buildSettings = {
				ALWAYS_SEARCH_USER_PATHS = NO;
				CLANG_ANALYZER_NONNULL = YES;
				CLANG_CXX_LANGUAGE_STANDARD = "gnu++0x";
				CLANG_CXX_LIBRARY = "libc++";
				CLANG_ENABLE_MODULES = YES;
				CLANG_ENABLE_OBJC_ARC = YES;
				CLANG_WARN_BOOL_CONVERSION = YES;
				CLANG_WARN_CONSTANT_CONVERSION = YES;
				CLANG_WARN_DIRECT_OBJC_ISA_USAGE = YES_ERROR;
				CLANG_WARN_DOCUMENTATION_COMMENTS = YES;
				CLANG_WARN_EMPTY_BODY = YES;
				CLANG_WARN_ENUM_CONVERSION = YES;
				CLANG_WARN_INFINITE_RECURSION = YES;
				CLANG_WARN_INT_CONVERSION = YES;
				CLANG_WARN_OBJC_ROOT_CLASS = YES_ERROR;
				CLANG_WARN_SUSPICIOUS_MOVE = YES;
				CLANG_WARN_SUSPICIOUS_MOVES = YES;
				CLANG_WARN_UNREACHABLE_CODE = YES;
				CLANG_WARN__DUPLICATE_METHOD_MATCH = YES;
				"CODE_SIGN_IDENTITY[sdk=iphoneos*]" = "iPhone Developer";
				COPY_PHASE_STRIP = NO;
				DEBUG_INFORMATION_FORMAT = dwarf;
				ENABLE_STRICT_OBJC_MSGSEND = YES;
				ENABLE_TESTABILITY = YES;
				GCC_C_LANGUAGE_STANDARD = gnu99;
				GCC_DYNAMIC_NO_PIC = NO;
				GCC_NO_COMMON_BLOCKS = YES;
				GCC_OPTIMIZATION_LEVEL = 0;
				GCC_PREPROCESSOR_DEFINITIONS = (
					"DEBUG=1",
					"$(inherited)",
				);
				GCC_WARN_64_TO_32_BIT_CONVERSION = YES;
				GCC_WARN_ABOUT_RETURN_TYPE = YES_ERROR;
				GCC_WARN_UNDECLARED_SELECTOR = YES;
				GCC_WARN_UNINITIALIZED_AUTOS = YES_AGGRESSIVE;
				GCC_WARN_UNUSED_FUNCTION = YES;
				GCC_WARN_UNUSED_VARIABLE = YES;
				IPHONEOS_DEPLOYMENT_TARGET = 10.0;
				MTL_ENABLE_DEBUG_INFO = YES;
				ONLY_ACTIVE_ARCH = YES;
				SDKROOT = iphoneos;
				SWIFT_ACTIVE_COMPILATION_CONDITIONS = DEBUG;
				SWIFT_OPTIMIZATION_LEVEL = "-Onone";
				TARGETED_DEVICE_FAMILY = "1,2";
			};
			name = Debug;
		};
		953B92CE1DB6731A001AC1EA /* Release */ = {
			isa = XCBuildConfiguration;
			buildSettings = {
				ALWAYS_SEARCH_USER_PATHS = NO;
				CLANG_ANALYZER_NONNULL = YES;
				CLANG_CXX_LANGUAGE_STANDARD = "gnu++0x";
				CLANG_CXX_LIBRARY = "libc++";
				CLANG_ENABLE_MODULES = YES;
				CLANG_ENABLE_OBJC_ARC = YES;
				CLANG_WARN_BOOL_CONVERSION = YES;
				CLANG_WARN_CONSTANT_CONVERSION = YES;
				CLANG_WARN_DIRECT_OBJC_ISA_USAGE = YES_ERROR;
				CLANG_WARN_DOCUMENTATION_COMMENTS = YES;
				CLANG_WARN_EMPTY_BODY = YES;
				CLANG_WARN_ENUM_CONVERSION = YES;
				CLANG_WARN_INFINITE_RECURSION = YES;
				CLANG_WARN_INT_CONVERSION = YES;
				CLANG_WARN_OBJC_ROOT_CLASS = YES_ERROR;
				CLANG_WARN_SUSPICIOUS_MOVE = YES;
				CLANG_WARN_SUSPICIOUS_MOVES = YES;
				CLANG_WARN_UNREACHABLE_CODE = YES;
				CLANG_WARN__DUPLICATE_METHOD_MATCH = YES;
				"CODE_SIGN_IDENTITY[sdk=iphoneos*]" = "iPhone Developer";
				COPY_PHASE_STRIP = NO;
				DEBUG_INFORMATION_FORMAT = "dwarf-with-dsym";
				ENABLE_NS_ASSERTIONS = NO;
				ENABLE_STRICT_OBJC_MSGSEND = YES;
				GCC_C_LANGUAGE_STANDARD = gnu99;
				GCC_NO_COMMON_BLOCKS = YES;
				GCC_WARN_64_TO_32_BIT_CONVERSION = YES;
				GCC_WARN_ABOUT_RETURN_TYPE = YES_ERROR;
				GCC_WARN_UNDECLARED_SELECTOR = YES;
				GCC_WARN_UNINITIALIZED_AUTOS = YES_AGGRESSIVE;
				GCC_WARN_UNUSED_FUNCTION = YES;
				GCC_WARN_UNUSED_VARIABLE = YES;
				IPHONEOS_DEPLOYMENT_TARGET = 10.0;
				MTL_ENABLE_DEBUG_INFO = NO;
				SDKROOT = iphoneos;
				SWIFT_OPTIMIZATION_LEVEL = "-Owholemodule";
				TARGETED_DEVICE_FAMILY = "1,2";
				VALIDATE_PRODUCT = YES;
			};
			name = Release;
		};
		953B92D01DB6731A001AC1EA /* Debug */ = {
			isa = XCBuildConfiguration;
			baseConfigurationReference = 3DA60B2E3657DDC18C21FE31 /* Pods-my first project.debug.xcconfig */;
			buildSettings = {
				ALWAYS_EMBED_SWIFT_STANDARD_LIBRARIES = YES;
				ASSETCATALOG_COMPILER_APPICON_NAME = AppIcon;
				DEVELOPMENT_TEAM = 8QDWZ85TW9;
				INFOPLIST_FILE = "my first project/Info.plist";
				LD_RUNPATH_SEARCH_PATHS = "$(inherited) @executable_path/Frameworks";
				PRODUCT_BUNDLE_IDENTIFIER = "com.demo.my-first-project";
				PRODUCT_NAME = "$(TARGET_NAME)";
				SWIFT_VERSION = 3.0;
			};
			name = Debug;
		};
		953B92D11DB6731A001AC1EA /* Release */ = {
			isa = XCBuildConfiguration;
			baseConfigurationReference = 6C0414C3C3EFDAFA55438765 /* Pods-my first project.release.xcconfig */;
			buildSettings = {
				ALWAYS_EMBED_SWIFT_STANDARD_LIBRARIES = YES;
				ASSETCATALOG_COMPILER_APPICON_NAME = AppIcon;
				DEVELOPMENT_TEAM = 8QDWZ85TW9;
				INFOPLIST_FILE = "my first project/Info.plist";
				LD_RUNPATH_SEARCH_PATHS = "$(inherited) @executable_path/Frameworks";
				PRODUCT_BUNDLE_IDENTIFIER = "com.demo.my-first-project";
				PRODUCT_NAME = "$(TARGET_NAME)";
				SWIFT_VERSION = 3.0;
			};
			name = Release;
		};
		953B92D31DB6731A001AC1EA /* Debug */ = {
			isa = XCBuildConfiguration;
			baseConfigurationReference = 0425801B092F29E9F2CE20CE /* Pods-my first projectTests.debug.xcconfig */;
			buildSettings = {
				ALWAYS_EMBED_SWIFT_STANDARD_LIBRARIES = YES;
				BUNDLE_LOADER = "$(TEST_HOST)";
				INFOPLIST_FILE = "my first projectTests/Info.plist";
				LD_RUNPATH_SEARCH_PATHS = "$(inherited) @executable_path/Frameworks @loader_path/Frameworks";
				PRODUCT_BUNDLE_IDENTIFIER = "com.demo.my-first-projectTests";
				PRODUCT_NAME = "$(TARGET_NAME)";
				SWIFT_VERSION = 3.0;
				TEST_HOST = "$(BUILT_PRODUCTS_DIR)/my first project.app/my first project";
			};
			name = Debug;
		};
		953B92D41DB6731A001AC1EA /* Release */ = {
			isa = XCBuildConfiguration;
			baseConfigurationReference = A2C6EDAA33A010B908A3FE3F /* Pods-my first projectTests.release.xcconfig */;
			buildSettings = {
				ALWAYS_EMBED_SWIFT_STANDARD_LIBRARIES = YES;
				BUNDLE_LOADER = "$(TEST_HOST)";
				INFOPLIST_FILE = "my first projectTests/Info.plist";
				LD_RUNPATH_SEARCH_PATHS = "$(inherited) @executable_path/Frameworks @loader_path/Frameworks";
				PRODUCT_BUNDLE_IDENTIFIER = "com.demo.my-first-projectTests";
				PRODUCT_NAME = "$(TARGET_NAME)";
				SWIFT_VERSION = 3.0;
				TEST_HOST = "$(BUILT_PRODUCTS_DIR)/my first project.app/my first project";
			};
			name = Release;
		};
		953B92D61DB6731A001AC1EA /* Debug */ = {
			isa = XCBuildConfiguration;
			baseConfigurationReference = F2ED20F493F12FCE2312049C /* Pods-my first projectUITests.debug.xcconfig */;
			buildSettings = {
				ALWAYS_EMBED_SWIFT_STANDARD_LIBRARIES = YES;
				INFOPLIST_FILE = "my first projectUITests/Info.plist";
				LD_RUNPATH_SEARCH_PATHS = "$(inherited) @executable_path/Frameworks @loader_path/Frameworks";
				PRODUCT_BUNDLE_IDENTIFIER = "com.demo.my-first-projectUITests";
				PRODUCT_NAME = "$(TARGET_NAME)";
				SWIFT_VERSION = 3.0;
				TEST_TARGET_NAME = "my first project";
			};
			name = Debug;
		};
		953B92D71DB6731A001AC1EA /* Release */ = {
			isa = XCBuildConfiguration;
			baseConfigurationReference = 4C84341605CBC72FEAA47574 /* Pods-my first projectUITests.release.xcconfig */;
			buildSettings = {
				ALWAYS_EMBED_SWIFT_STANDARD_LIBRARIES = YES;
				INFOPLIST_FILE = "my first projectUITests/Info.plist";
				LD_RUNPATH_SEARCH_PATHS = "$(inherited) @executable_path/Frameworks @loader_path/Frameworks";
				PRODUCT_BUNDLE_IDENTIFIER = "com.demo.my-first-projectUITests";
				PRODUCT_NAME = "$(TARGET_NAME)";
				SWIFT_VERSION = 3.0;
				TEST_TARGET_NAME = "my first project";
			};
			name = Release;
		};
/* End XCBuildConfiguration section */

/* Begin XCConfigurationList section */
		953B92A21DB6731A001AC1EA /* Build configuration list for PBXProject "my first project" */ = {
			isa = XCConfigurationList;
			buildConfigurations = (
				953B92CD1DB6731A001AC1EA /* Debug */,
				953B92CE1DB6731A001AC1EA /* Release */,
			);
			defaultConfigurationIsVisible = 0;
			defaultConfigurationName = Release;
		};
		953B92CF1DB6731A001AC1EA /* Build configuration list for PBXNativeTarget "my first project" */ = {
			isa = XCConfigurationList;
			buildConfigurations = (
				953B92D01DB6731A001AC1EA /* Debug */,
				953B92D11DB6731A001AC1EA /* Release */,
			);
			defaultConfigurationIsVisible = 0;
			defaultConfigurationName = Release;
		};
		953B92D21DB6731A001AC1EA /* Build configuration list for PBXNativeTarget "my first projectTests" */ = {
			isa = XCConfigurationList;
			buildConfigurations = (
				953B92D31DB6731A001AC1EA /* Debug */,
				953B92D41DB6731A001AC1EA /* Release */,
			);
			defaultConfigurationIsVisible = 0;
			defaultConfigurationName = Release;
		};
		953B92D51DB6731A001AC1EA /* Build configuration list for PBXNativeTarget "my first projectUITests" */ = {
			isa = XCConfigurationList;
			buildConfigurations = (
				953B92D61DB6731A001AC1EA /* Debug */,
				953B92D71DB6731A001AC1EA /* Release */,
			);
			defaultConfigurationIsVisible = 0;
			defaultConfigurationName = Release;
		};
/* End XCConfigurationList section */
	};
	rootObject = 953B929F1DB6731A001AC1EA /* Project object */;
}
